PODS:
  - PineTar (0.1.0):
    - SnapKit (~> 4.0.0)
  - SnapKit (4.0.0)

DEPENDENCIES:
  - PineTar (from `../`)

EXTERNAL SOURCES:
  PineTar:
    :path: ../

SPEC CHECKSUMS:
  PineTar: 068bf9f698babea7a758bcc6459c895e1f605d86
  SnapKit: a42d492c16e80209130a3379f73596c3454b7694

PODFILE CHECKSUM: b56e400438816e260f6ac70c036e32253a889b54

COCOAPODS: 1.4.0
